PODS:
  - SDWebImage (5.18.10):
    - SDWebImage/Core (= 5.18.10)
  - SDWebImage/Core (5.18.10)
  - TVVLCKit (3.5.0)

DEPENDENCIES:
  - SDWebImage
  - TVVLCKit (= 3.5.0)

SPEC REPOS:
  trunk:
    - SDWebImage
    - TVVLCKit

SPEC CHECKSUMS:
  SDWebImage: fc8f2d48bbfd72ef39d70e981bd24a3f3be53fec
  TVVLCKit: d08c81812b89f7b629245b92139f6d35508bec7a

PODFILE CHECKSUM: 52b5522b62e859c31da41d13766758ed57f754ed

COCOAPODS: 1.14.3
