PODS:
  - SDWebImage (5.8.0):
    - SDWebImage/Core (= 5.8.0)
  - SDWebImage/Core (5.8.0)
  - TVVLCKit (3.3.12)

DEPENDENCIES:
  - SDWebImage
  - TVVLCKit (= 3.3.12)

SPEC REPOS:
  trunk:
    - SDWebImage
    - TVVLCKit

SPEC CHECKSUMS:
  SDWebImage: 84000f962cbfa70c07f19d2234cbfcf5d779b5dc
  TVVLCKit: c39ff3257266dc2d3c808e492748f56e71e4b104

PODFILE CHECKSUM: 4bd96ea0f2df782de39b4246c9f963d251525306

COCOAPODS: 1.9.3
